// !$*UTF8*$!
{
	archiveVersion = 1;
	classes = {
	};
	objectVersion = 46;
	objects = {

/* Begin PBXBuildFile section */
		C1720AFB1D9BBF6E00D833C8 /* AppDelegate.swift in Sources */ = {isa = PBXBuildFile; fileRef = C1720AFA1D9BBF6E00D833C8 /* AppDelegate.swift */; };
		C1720AFD1D9BBF6E00D833C8 /* ViewController.swift in Sources */ = {isa = PBXBuildFile; fileRef = C1720AFC1D9BBF6E00D833C8 /* ViewController.swift */; };
		C1720B001D9BBF6E00D833C8 /* Main.storyboard in Resources */ = {isa = PBXBuildFile; fileRef = C1720AFE1D9BBF6E00D833C8 /* Main.storyboard */; };
		C1720B021D9BBF6E00D833C8 /* Assets.xcassets in Resources */ = {isa = PBXBuildFile; fileRef = C1720B011D9BBF6E00D833C8 /* Assets.xcassets */; };
		C1720B051D9BBF6E00D833C8 /* LaunchScreen.storyboard in Resources */ = {isa = PBXBuildFile; fileRef = C1720B031D9BBF6E00D833C8 /* LaunchScreen.storyboard */; };
		C1720B101D9BBF6E00D833C8 /* SRLoadingHubViewTests.swift in Sources */ = {isa = PBXBuildFile; fileRef = C1720B0F1D9BBF6E00D833C8 /* SRLoadingHubViewTests.swift */; };
		C1720B1B1D9BBF6E00D833C8 /* SRLoadingHubViewUITests.swift in Sources */ = {isa = PBXBuildFile; fileRef = C1720B1A1D9BBF6E00D833C8 /* SRLoadingHubViewUITests.swift */; };
		C1720B291D9BBF9100D833C8 /* SRLoadingHubView.swift in Sources */ = {isa = PBXBuildFile; fileRef = C1720B281D9BBF9100D833C8 /* SRLoadingHubView.swift */; };
/* End PBXBuildFile section */

/* Begin PBXContainerItemProxy section */
		C1720B0C1D9BBF6E00D833C8 /* PBXContainerItemProxy */ = {
			isa = PBXContainerItemProxy;
			containerPortal = C1720AEF1D9BBF6E00D833C8 /* Project object */;
			proxyType = 1;
			remoteGlobalIDString = C1720AF61D9BBF6E00D833C8;
			remoteInfo = SRLoadingHubView;
		};
		C1720B171D9BBF6E00D833C8 /* PBXContainerItemProxy */ = {
			isa = PBXContainerItemProxy;
			containerPortal = C1720AEF1D9BBF6E00D833C8 /* Project object */;
			proxyType = 1;
			remoteGlobalIDString = C1720AF61D9BBF6E00D833C8;
			remoteInfo = SRLoadingHubView;
		};
/* End PBXContainerItemProxy section */

/* Begin PBXFileReference section */
		C1720AF71D9BBF6E00D833C8 /* SRLoadingHubView.app */ = {isa = PBXFileReference; explicitFileType = wrapper.application; includeInIndex = 0; path = SRLoadingHubView.app; sourceTree = BUILT_PRODUCTS_DIR; };
		C1720AFA1D9BBF6E00D833C8 /* AppDelegate.swift */ = {isa = PBXFileReference; lastKnownFileType = sourcecode.swift; path = AppDelegate.swift; sourceTree = "<group>"; };
		C1720AFC1D9BBF6E00D833C8 /* ViewController.swift */ = {isa = PBXFileReference; lastKnownFileType = sourcecode.swift; path = ViewController.swift; sourceTree = "<group>"; };
		C1720AFF1D9BBF6E00D833C8 /* Base */ = {isa = PBXFileReference; lastKnownFileType = file.storyboard; name = Base; path = Base.lproj/Main.storyboard; sourceTree = "<group>"; };
		C1720B011D9BBF6E00D833C8 /* Assets.xcassets */ = {isa = PBXFileReference; lastKnownFileType = folder.assetcatalog; path = Assets.xcassets; sourceTree = "<group>"; };
		C1720B041D9BBF6E00D833C8 /* Base */ = {isa = PBXFileReference; lastKnownFileType = file.storyboard; name = Base; path = Base.lproj/LaunchScreen.storyboard; sourceTree = "<group>"; };
		C1720B061D9BBF6E00D833C8 /* Info.plist */ = {isa = PBXFileReference; lastKnownFileType = text.plist.xml; path = Info.plist; sourceTree = "<group>"; };
		C1720B0B1D9BBF6E00D833C8 /* SRLoadingHubViewTests.xctest */ = {isa = PBXFileReference; explicitFileType = wrapper.cfbundle; includeInIndex = 0; path = SRLoadingHubViewTests.xctest; sourceTree = BUILT_PRODUCTS_DIR; };
		C1720B0F1D9BBF6E00D833C8 /* SRLoadingHubViewTests.swift */ = {isa = PBXFileReference; lastKnownFileType = sourcecode.swift; path = SRLoadingHubViewTests.swift; sourceTree = "<group>"; };
		C1720B111D9BBF6E00D833C8 /* Info.plist */ = {isa = PBXFileReference; lastKnownFileType = text.plist.xml; path = Info.plist; sourceTree = "<group>"; };
		C1720B161D9BBF6E00D833C8 /* SRLoadingHubViewUITests.xctest */ = {isa = PBXFileReference; explicitFileType = wrapper.cfbundle; includeInIndex = 0; path = SRLoadingHubViewUITests.xctest; sourceTree = BUILT_PRODUCTS_DIR; };
		C1720B1A1D9BBF6E00D833C8 /* SRLoadingHubViewUITests.swift */ = {isa = PBXFileReference; lastKnownFileType = sourcecode.swift; path = SRLoadingHubViewUITests.swift; sourceTree = "<group>"; };
		C1720B1C1D9BBF6E00D833C8 /* Info.plist */ = {isa = PBXFileReference; lastKnownFileType = text.plist.xml; path = Info.plist; sourceTree = "<group>"; };
		C1720B281D9BBF9100D833C8 /* SRLoadingHubView.swift */ = {isa = PBXFileReference; fileEncoding = 4; lastKnownFileType = sourcecode.swift; path = SRLoadingHubView.swift; sourceTree = "<group>"; };
/* End PBXFileReference section */

/* Begin PBXFrameworksBuildPhase section */
		C1720AF41D9BBF6E00D833C8 /* Frameworks */ = {
			isa = PBXFrameworksBuildPhase;
			buildActionMask = 2147483647;
			files = (
			);
			runOnlyForDeploymentPostprocessing = 0;
		};
		C1720B081D9BBF6E00D833C8 /* Frameworks */ = {
			isa = PBXFrameworksBuildPhase;
			buildActionMask = 2147483647;
			files = (
			);
			runOnlyForDeploymentPostprocessing = 0;
		};
		C1720B131D9BBF6E00D833C8 /* Frameworks */ = {
			isa = PBXFrameworksBuildPhase;
			buildActionMask = 2147483647;
			files = (
			);
			runOnlyForDeploymentPostprocessing = 0;
		};
/* End PBXFrameworksBuildPhase section */

/* Begin PBXGroup section */
		C1720AEE1D9BBF6E00D833C8 = {
			isa = PBXGroup;
			children = (
				C1720AF91D9BBF6E00D833C8 /* SRLoadingHubView */,
				C1720B0E1D9BBF6E00D833C8 /* SRLoadingHubViewTests */,
				C1720B191D9BBF6E00D833C8 /* SRLoadingHubViewUITests */,
				C1720AF81D9BBF6E00D833C8 /* Products */,
			);
			sourceTree = "<group>";
		};
		C1720AF81D9BBF6E00D833C8 /* Products */ = {
			isa = PBXGroup;
			children = (
				C1720AF71D9BBF6E00D833C8 /* SRLoadingHubView.app */,
				C1720B0B1D9BBF6E00D833C8 /* SRLoadingHubViewTests.xctest */,
				C1720B161D9BBF6E00D833C8 /* SRLoadingHubViewUITests.xctest */,
			);
			name = Products;
			sourceTree = "<group>";
		};
		C1720AF91D9BBF6E00D833C8 /* SRLoadingHubView */ = {
			isa = PBXGroup;
			children = (
				C1720AFA1D9BBF6E00D833C8 /* AppDelegate.swift */,
				C1720AFC1D9BBF6E00D833C8 /* ViewController.swift */,
				C1720B281D9BBF9100D833C8 /* SRLoadingHubView.swift */,
				C1720AFE1D9BBF6E00D833C8 /* Main.storyboard */,
				C1720B011D9BBF6E00D833C8 /* Assets.xcassets */,
				C1720B031D9BBF6E00D833C8 /* LaunchScreen.storyboard */,
				C1720B061D9BBF6E00D833C8 /* Info.plist */,
			);
			path = SRLoadingHubView;
			sourceTree = "<group>";
		};
		C1720B0E1D9BBF6E00D833C8 /* SRLoadingHubViewTests */ = {
			isa = PBXGroup;
			children = (
				C1720B0F1D9BBF6E00D833C8 /* SRLoadingHubViewTests.swift */,
				C1720B111D9BBF6E00D833C8 /* Info.plist */,
			);
			path = SRLoadingHubViewTests;
			sourceTree = "<group>";
		};
		C1720B191D9BBF6E00D833C8 /* SRLoadingHubViewUITests */ = {
			isa = PBXGroup;
			children = (
				C1720B1A1D9BBF6E00D833C8 /* SRLoadingHubViewUITests.swift */,
				C1720B1C1D9BBF6E00D833C8 /* Info.plist */,
			);
			path = SRLoadingHubViewUITests;
			sourceTree = "<group>";
		};
/* End PBXGroup section */

/* Begin PBXNativeTarget section */
		C1720AF61D9BBF6E00D833C8 /* SRLoadingHubView */ = {
			isa = PBXNativeTarget;
			buildConfigurationList = C1720B1F1D9BBF6E00D833C8 /* Build configuration list for PBXNativeTarget "SRLoadingHubView" */;
			buildPhases = (
				C1720AF31D9BBF6E00D833C8 /* Sources */,
				C1720AF41D9BBF6E00D833C8 /* Frameworks */,
				C1720AF51D9BBF6E00D833C8 /* Resources */,
			);
			buildRules = (
			);
			dependencies = (
			);
			name = SRLoadingHubView;
			productName = SRLoadingHubView;
			productReference = C1720AF71D9BBF6E00D833C8 /* SRLoadingHubView.app */;
			productType = "com.apple.product-type.application";
		};
		C1720B0A1D9BBF6E00D833C8 /* SRLoadingHubViewTests */ = {
			isa = PBXNativeTarget;
			buildConfigurationList = C1720B221D9BBF6E00D833C8 /* Build configuration list for PBXNativeTarget "SRLoadingHubViewTests" */;
			buildPhases = (
				C1720B071D9BBF6E00D833C8 /* Sources */,
				C1720B081D9BBF6E00D833C8 /* Frameworks */,
				C1720B091D9BBF6E00D833C8 /* Resources */,
			);
			buildRules = (
			);
			dependencies = (
				C1720B0D1D9BBF6E00D833C8 /* PBXTargetDependency */,
			);
			name = SRLoadingHubViewTests;
			productName = SRLoadingHubViewTests;
			productReference = C1720B0B1D9BBF6E00D833C8 /* SRLoadingHubViewTests.xctest */;
			productType = "com.apple.product-type.bundle.unit-test";
		};
		C1720B151D9BBF6E00D833C8 /* SRLoadingHubViewUITests */ = {
			isa = PBXNativeTarget;
			buildConfigurationList = C1720B251D9BBF6E00D833C8 /* Build configuration list for PBXNativeTarget "SRLoadingHubViewUITests" */;
			buildPhases = (
				C1720B121D9BBF6E00D833C8 /* Sources */,
				C1720B131D9BBF6E00D833C8 /* Frameworks */,
				C1720B141D9BBF6E00D833C8 /* Resources */,
			);
			buildRules = (
			);
			dependencies = (
				C1720B181D9BBF6E00D833C8 /* PBXTargetDependency */,
			);
			name = SRLoadingHubViewUITests;
			productName = SRLoadingHubViewUITests;
			productReference = C1720B161D9BBF6E00D833C8 /* SRLoadingHubViewUITests.xctest */;
			productType = "com.apple.product-type.bundle.ui-testing";
		};
/* End PBXNativeTarget section */

/* Begin PBXProject section */
		C1720AEF1D9BBF6E00D833C8 /* Project object */ = {
			isa = PBXProject;
			attributes = {
				LastSwiftUpdateCheck = 0800;
				LastUpgradeCheck = 0800;
				ORGANIZATIONNAME = "潘东";
				TargetAttributes = {
					C1720AF61D9BBF6E00D833C8 = {
						CreatedOnToolsVersion = 8.0;
						ProvisioningStyle = Automatic;
					};
					C1720B0A1D9BBF6E00D833C8 = {
						CreatedOnToolsVersion = 8.0;
						ProvisioningStyle = Automatic;
						TestTargetID = C1720AF61D9BBF6E00D833C8;
					};
					C1720B151D9BBF6E00D833C8 = {
						CreatedOnToolsVersion = 8.0;
						ProvisioningStyle = Automatic;
						TestTargetID = C1720AF61D9BBF6E00D833C8;
					};
				};
			};
			buildConfigurationList = C1720AF21D9BBF6E00D833C8 /* Build configuration list for PBXProject "SRLoadingHubView" */;
			compatibilityVersion = "Xcode 3.2";
			developmentRegion = English;
			hasScannedForEncodings = 0;
			knownRegions = (
				en,
				Base,
			);
			mainGroup = C1720AEE1D9BBF6E00D833C8;
			productRefGroup = C1720AF81D9BBF6E00D833C8 /* Products */;
			projectDirPath = "";
			projectRoot = "";
			targets = (
				C1720AF61D9BBF6E00D833C8 /* SRLoadingHubView */,
				C1720B0A1D9BBF6E00D833C8 /* SRLoadingHubViewTests */,
				C1720B151D9BBF6E00D833C8 /* SRLoadingHubViewUITests */,
			);
		};
/* End PBXProject section */

/* Begin PBXResourcesBuildPhase section */
		C1720AF51D9BBF6E00D833C8 /* Resources */ = {
			isa = PBXResourcesBuildPhase;
			buildActionMask = 2147483647;
			files = (
				C1720B051D9BBF6E00D833C8 /* LaunchScreen.storyboard in Resources */,
				C1720B021D9BBF6E00D833C8 /* Assets.xcassets in Resources */,
				C1720B001D9BBF6E00D833C8 /* Main.storyboard in Resources */,
			);
			runOnlyForDeploymentPostprocessing = 0;
		};
		C1720B091D9BBF6E00D833C8 /* Resources */ = {
			isa = PBXResourcesBuildPhase;
			buildActionMask = 2147483647;
			files = (
			);
			runOnlyForDeploymentPostprocessing = 0;
		};
		C1720B141D9BBF6E00D833C8 /* Resources */ = {
			isa = PBXResourcesBuildPhase;
			buildActionMask = 2147483647;
			files = (
			);
			runOnlyForDeploymentPostprocessing = 0;
		};
/* End PBXResourcesBuildPhase section */

/* Begin PBXSourcesBuildPhase section */
		C1720AF31D9BBF6E00D833C8 /* Sources */ = {
			isa = PBXSourcesBuildPhase;
			buildActionMask = 2147483647;
			files = (
				C1720AFD1D9BBF6E00D833C8 /* ViewController.swift in Sources */,
				C1720AFB1D9BBF6E00D833C8 /* AppDelegate.swift in Sources */,
				C1720B291D9BBF9100D833C8 /* SRLoadingHubView.swift in Sources */,
			);
			runOnlyForDeploymentPostprocessing = 0;
		};
		C1720B071D9BBF6E00D833C8 /* Sources */ = {
			isa = PBXSourcesBuildPhase;
			buildActionMask = 2147483647;
			files = (
				C1720B101D9BBF6E00D833C8 /* SRLoadingHubViewTests.swift in Sources */,
			);
			runOnlyForDeploymentPostprocessing = 0;
		};
		C1720B121D9BBF6E00D833C8 /* Sources */ = {
			isa = PBXSourcesBuildPhase;
			buildActionMask = 2147483647;
			files = (
				C1720B1B1D9BBF6E00D833C8 /* SRLoadingHubViewUITests.swift in Sources */,
			);
			runOnlyForDeploymentPostprocessing = 0;
		};
/* End PBXSourcesBuildPhase section */

/* Begin PBXTargetDependency section */
		C1720B0D1D9BBF6E00D833C8 /* PBXTargetDependency */ = {
			isa = PBXTargetDependency;
			target = C1720AF61D9BBF6E00D833C8 /* SRLoadingHubView */;
			targetProxy = C1720B0C1D9BBF6E00D833C8 /* PBXContainerItemProxy */;
		};
		C1720B181D9BBF6E00D833C8 /* PBXTargetDependency */ = {
			isa = PBXTargetDependency;
			target = C1720AF61D9BBF6E00D833C8 /* SRLoadingHubView */;
			targetProxy = C1720B171D9BBF6E00D833C8 /* PBXContainerItemProxy */;
		};
/* End PBXTargetDependency section */

/* Begin PBXVariantGroup section */
		C1720AFE1D9BBF6E00D833C8 /* Main.storyboard */ = {
			isa = PBXVariantGroup;
			children = (
				C1720AFF1D9BBF6E00D833C8 /* Base */,
			);
			name = Main.storyboard;
			sourceTree = "<group>";
		};
		C1720B031D9BBF6E00D833C8 /* LaunchScreen.storyboard */ = {
			isa = PBXVariantGroup;
			children = (
				C1720B041D9BBF6E00D833C8 /* Base */,
			);
			name = LaunchScreen.storyboard;
			sourceTree = "<group>";
		};
/* End PBXVariantGroup section */

/* Begin XCBuildConfiguration section */
		C1720B1D1D9BBF6E00D833C8 /* Debug */ = {
			isa = XCBuildConfiguration;
			buildSettings = {
				ALWAYS_SEARCH_USER_PATHS = NO;
				CLANG_ANALYZER_NONNULL = YES;
				CLANG_CXX_LANGUAGE_STANDARD = "gnu++0x";
				CLANG_CXX_LIBRARY = "libc++";
				CLANG_ENABLE_MODULES = YES;
				CLANG_ENABLE_OBJC_ARC = YES;
				CLANG_WARN_BOOL_CONVERSION = YES;
				CLANG_WARN_CONSTANT_CONVERSION = YES;
				CLANG_WARN_DIRECT_OBJC_ISA_USAGE = YES_ERROR;
				CLANG_WARN_DOCUMENTATION_COMMENTS = YES;
				CLANG_WARN_EMPTY_BODY = YES;
				CLANG_WARN_ENUM_CONVERSION = YES;
				CLANG_WARN_INFINITE_RECURSION = YES;
				CLANG_WARN_INT_CONVERSION = YES;
				CLANG_WARN_OBJC_ROOT_CLASS = YES_ERROR;
				CLANG_WARN_SUSPICIOUS_MOVES = YES;
				CLANG_WARN_UNREACHABLE_CODE = YES;
				CLANG_WARN__DUPLICATE_METHOD_MATCH = YES;
				"CODE_SIGN_IDENTITY[sdk=iphoneos*]" = "iPhone Developer";
				COPY_PHASE_STRIP = NO;
				DEBUG_INFORMATION_FORMAT = dwarf;
				ENABLE_STRICT_OBJC_MSGSEND = YES;
				ENABLE_TESTABILITY = YES;
				GCC_C_LANGUAGE_STANDARD = gnu99;
				GCC_DYNAMIC_NO_PIC = NO;
				GCC_NO_COMMON_BLOCKS = YES;
				GCC_OPTIMIZATION_LEVEL = 0;
				GCC_PREPROCESSOR_DEFINITIONS = (
					"DEBUG=1",
					"$(inherited)",
				);
				GCC_WARN_64_TO_32_BIT_CONVERSION = YES;
				GCC_WARN_ABOUT_RETURN_TYPE = YES_ERROR;
				GCC_WARN_UNDECLARED_SELECTOR = YES;
				GCC_WARN_UNINITIALIZED_AUTOS = YES_AGGRESSIVE;
				GCC_WARN_UNUSED_FUNCTION = YES;
				GCC_WARN_UNUSED_VARIABLE = YES;
				IPHONEOS_DEPLOYMENT_TARGET = 10.0;
				MTL_ENABLE_DEBUG_INFO = YES;
				ONLY_ACTIVE_ARCH = YES;
				SDKROOT = iphoneos;
				SWIFT_ACTIVE_COMPILATION_CONDITIONS = DEBUG;
				SWIFT_OPTIMIZATION_LEVEL = "-Onone";
			};
			name = Debug;
		};
		C1720B1E1D9BBF6E00D833C8 /* Release */ = {
			isa = XCBuildConfiguration;
			buildSettings = {
				ALWAYS_SEARCH_USER_PATHS = NO;
				CLANG_ANALYZER_NONNULL = YES;
				CLANG_CXX_LANGUAGE_STANDARD = "gnu++0x";
				CLANG_CXX_LIBRARY = "libc++";
				CLANG_ENABLE_MODULES = YES;
				CLANG_ENABLE_OBJC_ARC = YES;
				CLANG_WARN_BOOL_CONVERSION = YES;
				CLANG_WARN_CONSTANT_CONVERSION = YES;
				CLANG_WARN_DIRECT_OBJC_ISA_USAGE = YES_ERROR;
				CLANG_WARN_DOCUMENTATION_COMMENTS = YES;
				CLANG_WARN_EMPTY_BODY = YES;
				CLANG_WARN_ENUM_CONVERSION = YES;
				CLANG_WARN_INFINITE_RECURSION = YES;
				CLANG_WARN_INT_CONVERSION = YES;
				CLANG_WARN_OBJC_ROOT_CLASS = YES_ERROR;
				CLANG_WARN_SUSPICIOUS_MOVES = YES;
				CLANG_WARN_UNREACHABLE_CODE = YES;
				CLANG_WARN__DUPLICATE_METHOD_MATCH = YES;
				"CODE_SIGN_IDENTITY[sdk=iphoneos*]" = "iPhone Developer";
				COPY_PHASE_STRIP = NO;
				DEBUG_INFORMATION_FORMAT = "dwarf-with-dsym";
				ENABLE_NS_ASSERTIONS = NO;
				ENABLE_STRICT_OBJC_MSGSEND = YES;
				GCC_C_LANGUAGE_STANDARD = gnu99;
				GCC_NO_COMMON_BLOCKS = YES;
				GCC_WARN_64_TO_32_BIT_CONVERSION = YES;
				GCC_WARN_ABOUT_RETURN_TYPE = YES_ERROR;
				GCC_WARN_UNDECLARED_SELECTOR = YES;
				GCC_WARN_UNINITIALIZED_AUTOS = YES_AGGRESSIVE;
				GCC_WARN_UNUSED_FUNCTION = YES;
				GCC_WARN_UNUSED_VARIABLE = YES;
				IPHONEOS_DEPLOYMENT_TARGET = 10.0;
				MTL_ENABLE_DEBUG_INFO = NO;
				SDKROOT = iphoneos;
				SWIFT_OPTIMIZATION_LEVEL = "-Owholemodule";
				VALIDATE_PRODUCT = YES;
			};
			name = Release;
		};
		C1720B201D9BBF6E00D833C8 /* Debug */ = {
			isa = XCBuildConfiguration;
			buildSettings = {
				ASSETCATALOG_COMPILER_APPICON_NAME = AppIcon;
				INFOPLIST_FILE = SRLoadingHubView/Info.plist;
				LD_RUNPATH_SEARCH_PATHS = "$(inherited) @executable_path/Frameworks";
				PRODUCT_BUNDLE_IDENTIFIER = pandong.SRLoadingHubView;
				PRODUCT_NAME = "$(TARGET_NAME)";
				SWIFT_VERSION = 3.0;
			};
			name = Debug;
		};
		C1720B211D9BBF6E00D833C8 /* Release */ = {
			isa = XCBuildConfiguration;
			buildSettings = {
				ASSETCATALOG_COMPILER_APPICON_NAME = AppIcon;
				INFOPLIST_FILE = SRLoadingHubView/Info.plist;
				LD_RUNPATH_SEARCH_PATHS = "$(inherited) @executable_path/Frameworks";
				PRODUCT_BUNDLE_IDENTIFIER = pandong.SRLoadingHubView;
				PRODUCT_NAME = "$(TARGET_NAME)";
				SWIFT_VERSION = 3.0;
			};
			name = Release;
		};
		C1720B231D9BBF6E00D833C8 /* Debug */ = {
			isa = XCBuildConfiguration;
			buildSettings = {
				ALWAYS_EMBED_SWIFT_STANDARD_LIBRARIES = YES;
				BUNDLE_LOADER = "$(TEST_HOST)";
				INFOPLIST_FILE = SRLoadingHubViewTests/Info.plist;
				LD_RUNPATH_SEARCH_PATHS = "$(inherited) @executable_path/Frameworks @loader_path/Frameworks";
				PRODUCT_BUNDLE_IDENTIFIER = pandong.SRLoadingHubViewTests;
				PRODUCT_NAME = "$(TARGET_NAME)";
				SWIFT_VERSION = 3.0;
				TEST_HOST = "$(BUILT_PRODUCTS_DIR)/SRLoadingHubView.app/SRLoadingHubView";
			};
			name = Debug;
		};
		C1720B241D9BBF6E00D833C8 /* Release */ = {
			isa = XCBuildConfiguration;
			buildSettings = {
				ALWAYS_EMBED_SWIFT_STANDARD_LIBRARIES = YES;
				BUNDLE_LOADER = "$(TEST_HOST)";
				INFOPLIST_FILE = SRLoadingHubViewTests/Info.plist;
				LD_RUNPATH_SEARCH_PATHS = "$(inherited) @executable_path/Frameworks @loader_path/Frameworks";
				PRODUCT_BUNDLE_IDENTIFIER = pandong.SRLoadingHubViewTests;
				PRODUCT_NAME = "$(TARGET_NAME)";
				SWIFT_VERSION = 3.0;
				TEST_HOST = "$(BUILT_PRODUCTS_DIR)/SRLoadingHubView.app/SRLoadingHubView";
			};
			name = Release;
		};
		C1720B261D9BBF6E00D833C8 /* Debug */ = {
			isa = XCBuildConfiguration;
			buildSettings = {
				ALWAYS_EMBED_SWIFT_STANDARD_LIBRARIES = YES;
				INFOPLIST_FILE = SRLoadingHubViewUITests/Info.plist;
				LD_RUNPATH_SEARCH_PATHS = "$(inherited) @executable_path/Frameworks @loader_path/Frameworks";
				PRODUCT_BUNDLE_IDENTIFIER = pandong.SRLoadingHubViewUITests;
				PRODUCT_NAME = "$(TARGET_NAME)";
				SWIFT_VERSION = 3.0;
				TEST_TARGET_NAME = SRLoadingHubView;
			};
			name = Debug;
		};
		C1720B271D9BBF6E00D833C8 /* Release */ = {
			isa = XCBuildConfiguration;
			buildSettings = {
				ALWAYS_EMBED_SWIFT_STANDARD_LIBRARIES = YES;
				INFOPLIST_FILE = SRLoadingHubViewUITests/Info.plist;
				LD_RUNPATH_SEARCH_PATHS = "$(inherited) @executable_path/Frameworks @loader_path/Frameworks";
				PRODUCT_BUNDLE_IDENTIFIER = pandong.SRLoadingHubViewUITests;
				PRODUCT_NAME = "$(TARGET_NAME)";
				SWIFT_VERSION = 3.0;
				TEST_TARGET_NAME = SRLoadingHubView;
			};
			name = Release;
		};
/* End XCBuildConfiguration section */

/* Begin XCConfigurationList section */
		C1720AF21D9BBF6E00D833C8 /* Build configuration list for PBXProject "SRLoadingHubView" */ = {
			isa = XCConfigurationList;
			buildConfigurations = (
				C1720B1D1D9BBF6E00D833C8 /* Debug */,
				C1720B1E1D9BBF6E00D833C8 /* Release */,
			);
			defaultConfigurationIsVisible = 0;
			defaultConfigurationName = Release;
		};
		C1720B1F1D9BBF6E00D833C8 /* Build configuration list for PBXNativeTarget "SRLoadingHubView" */ = {
			isa = XCConfigurationList;
			buildConfigurations = (
				C1720B201D9BBF6E00D833C8 /* Debug */,
				C1720B211D9BBF6E00D833C8 /* Release */,
			);
			defaultConfigurationIsVisible = 0;
		};
		C1720B221D9BBF6E00D833C8 /* Build configuration list for PBXNativeTarget "SRLoadingHubViewTests" */ = {
			isa = XCConfigurationList;
			buildConfigurations = (
				C1720B231D9BBF6E00D833C8 /* Debug */,
				C1720B241D9BBF6E00D833C8 /* Release */,
			);
			defaultConfigurationIsVisible = 0;
		};
		C1720B251D9BBF6E00D833C8 /* Build configuration list for PBXNativeTarget "SRLoadingHubViewUITests" */ = {
			isa = XCConfigurationList;
			buildConfigurations = (
				C1720B261D9BBF6E00D833C8 /* Debug */,
				C1720B271D9BBF6E00D833C8 /* Release */,
			);
			defaultConfigurationIsVisible = 0;
		};
/* End XCConfigurationList section */
	};
	rootObject = C1720AEF1D9BBF6E00D833C8 /* Project object */;
}
